
Microsoft Visual Studio Solution File, Format Version 12.00
# Visual Studio Version 17
VisualStudioVersion = 17.7.34003.232
MinimumVisualStudioVersion = 10.0.40219.1
Project("{2150E333-8FDC-42A3-9474-1A3956D46DE8}") = "Home", "Home", "{592EB04A-4187-4EDE-84FE-B254264D4FAF}"
EndProject
Project("{9A19103F-16F7-4668-BE54-9A1E7A4F7556}") = "HomeApi", "HomeApi\HomeApi.csproj", "{16C0AA1D-6B8D-4113-AAC9-AA5BF643C1DF}"
EndProject
Project("{9A19103F-16F7-4668-BE54-9A1E7A4F7556}") = "HomeApp", "HomeApp\HomeApp.csproj", "{EF5D3EB4-650F-4EF1-8E0A-AB8E9300AEC9}"
EndProject
Project("{2150E333-8FDC-42A3-9474-1A3956D46DE8}") = "AdminPanel", "AdminPanel", "{5CCDC98A-FEE4-4770-BAF0-4D8F19E7164F}"
EndProject
Project("{9A19103F-16F7-4668-BE54-9A1E7A4F7556}") = "AdminPanelAPI", "AdminPanelAPI\AdminPanelAPI.csproj", "{80EF39EF-D2AB-4927-8E80-EE3E5FC21590}"
EndProject
Project("{9A19103F-16F7-4668-BE54-9A1E7A4F7556}") = "AdminPanelApp", "AdminPanelApp\AdminPanelApp.csproj", "{91FC9307-91FE-40DA-B6B9-EAB640BD4763}"
EndProject
Project("{2150E333-8FDC-42A3-9474-1A3956D46DE8}") = "AuthServer", "AuthServer", "{CE2D4126-70ED-4F2E-A867-997962138B10}"
EndProject
Project("{9A19103F-16F7-4668-BE54-9A1E7A4F7556}") = "AuthServer", "AuthServer\AuthServer.csproj", "{2867B69A-A5DE-4AB3-BE5B-BC06FB1EB065}"
EndProject
Project("{9A19103F-16F7-4668-BE54-9A1E7A4F7556}") = "HomeAPIGateway", "HomeAPIGateway\HomeAPIGateway.csproj", "{D72AF6EB-7815-4550-9A26-A60E2006FE7F}"
EndProject
Project("{2150E333-8FDC-42A3-9474-1A3956D46DE8}") = "LoginModels", "LoginModels", "{9D23F015-5FE9-4D98-944E-9D3B48596E03}"
EndProject
Project("{9A19103F-16F7-4668-BE54-9A1E7A4F7556}") = "LoginModels", "LoginModels\LoginModels.csproj", "{670FC839-DD36-42B8-9706-667889762E67}"
EndProject
Project("{FAE04EC0-301F-11D3-BF4B-00C04F79EFBC}") = "AdminPanelModels", "AdminPanelModels\AdminPanelModels.csproj", "{B964AEAB-243D-4850-9851-D0C635B78FF6}"
EndProject
Project("{FAE04EC0-301F-11D3-BF4B-00C04F79EFBC}") = "HomeModels", "HomeModels\HomeModels.csproj", "{C4CE309B-DC31-4447-8B44-CE0EF0D098C4}"
EndProject
Project("{FAE04EC0-301F-11D3-BF4B-00C04F79EFBC}") = "AdminPanelAPIGateway", "AdminPanelAPIGateway\AdminPanelAPIGateway.csproj", "{95D70ED8-2861-46EF-A53B-72A91D49CFF6}"
EndProject
Global
	GlobalSection(SolutionConfigurationPlatforms) = preSolution
		Debug|Any CPU = Debug|Any CPU
		Release|Any CPU = Release|Any CPU
	EndGlobalSection
	GlobalSection(ProjectConfigurationPlatforms) = postSolution
		{16C0AA1D-6B8D-4113-AAC9-AA5BF643C1DF}.Debug|Any CPU.ActiveCfg = Debug|Any CPU
		{16C0AA1D-6B8D-4113-AAC9-AA5BF643C1DF}.Debug|Any CPU.Build.0 = Debug|Any CPU
		{16C0AA1D-6B8D-4113-AAC9-AA5BF643C1DF}.Release|Any CPU.ActiveCfg = Release|Any CPU
		{16C0AA1D-6B8D-4113-AAC9-AA5BF643C1DF}.Release|Any CPU.Build.0 = Release|Any CPU
		{EF5D3EB4-650F-4EF1-8E0A-AB8E9300AEC9}.Debug|Any CPU.ActiveCfg = Debug|Any CPU
		{EF5D3EB4-650F-4EF1-8E0A-AB8E9300AEC9}.Debug|Any CPU.Build.0 = Debug|Any CPU
		{EF5D3EB4-650F-4EF1-8E0A-AB8E9300AEC9}.Release|Any CPU.ActiveCfg = Release|Any CPU
		{EF5D3EB4-650F-4EF1-8E0A-AB8E9300AEC9}.Release|Any CPU.Build.0 = Release|Any CPU
		{80EF39EF-D2AB-4927-8E80-EE3E5FC21590}.Debug|Any CPU.ActiveCfg = Debug|Any CPU
		{80EF39EF-D2AB-4927-8E80-EE3E5FC21590}.Debug|Any CPU.Build.0 = Debug|Any CPU
		{80EF39EF-D2AB-4927-8E80-EE3E5FC21590}.Release|Any CPU.ActiveCfg = Release|Any CPU
		{80EF39EF-D2AB-4927-8E80-EE3E5FC21590}.Release|Any CPU.Build.0 = Release|Any CPU
		{91FC9307-91FE-40DA-B6B9-EAB640BD4763}.Debug|Any CPU.ActiveCfg = Debug|Any CPU
		{91FC9307-91FE-40DA-B6B9-EAB640BD4763}.Debug|Any CPU.Build.0 = Debug|Any CPU
		{91FC9307-91FE-40DA-B6B9-EAB640BD4763}.Release|Any CPU.ActiveCfg = Release|Any CPU
		{91FC9307-91FE-40DA-B6B9-EAB640BD4763}.Release|Any CPU.Build.0 = Release|Any CPU
		{2867B69A-A5DE-4AB3-BE5B-BC06FB1EB065}.Debug|Any CPU.ActiveCfg = Debug|Any CPU
		{2867B69A-A5DE-4AB3-BE5B-BC06FB1EB065}.Debug|Any CPU.Build.0 = Debug|Any CPU
		{2867B69A-A5DE-4AB3-BE5B-BC06FB1EB065}.Release|Any CPU.ActiveCfg = Release|Any CPU
		{2867B69A-A5DE-4AB3-BE5B-BC06FB1EB065}.Release|Any CPU.Build.0 = Release|Any CPU
		{D72AF6EB-7815-4550-9A26-A60E2006FE7F}.Debug|Any CPU.ActiveCfg = Debug|Any CPU
		{D72AF6EB-7815-4550-9A26-A60E2006FE7F}.Debug|Any CPU.Build.0 = Debug|Any CPU
		{D72AF6EB-7815-4550-9A26-A60E2006FE7F}.Release|Any CPU.ActiveCfg = Release|Any CPU
		{D72AF6EB-7815-4550-9A26-A60E2006FE7F}.Release|Any CPU.Build.0 = Release|Any CPU
		{670FC839-DD36-42B8-9706-667889762E67}.Debug|Any CPU.ActiveCfg = Debug|Any CPU
		{670FC839-DD36-42B8-9706-667889762E67}.Debug|Any CPU.Build.0 = Debug|Any CPU
		{670FC839-DD36-42B8-9706-667889762E67}.Release|Any CPU.ActiveCfg = Release|Any CPU
		{670FC839-DD36-42B8-9706-667889762E67}.Release|Any CPU.Build.0 = Release|Any CPU
		{B964AEAB-243D-4850-9851-D0C635B78FF6}.Debug|Any CPU.ActiveCfg = Debug|Any CPU
		{B964AEAB-243D-4850-9851-D0C635B78FF6}.Debug|Any CPU.Build.0 = Debug|Any CPU
		{B964AEAB-243D-4850-9851-D0C635B78FF6}.Release|Any CPU.ActiveCfg = Release|Any CPU
		{B964AEAB-243D-4850-9851-D0C635B78FF6}.Release|Any CPU.Build.0 = Release|Any CPU
		{C4CE309B-DC31-4447-8B44-CE0EF0D098C4}.Debug|Any CPU.ActiveCfg = Debug|Any CPU
		{C4CE309B-DC31-4447-8B44-CE0EF0D098C4}.Debug|Any CPU.Build.0 = Debug|Any CPU
		{C4CE309B-DC31-4447-8B44-CE0EF0D098C4}.Release|Any CPU.ActiveCfg = Release|Any CPU
		{C4CE309B-DC31-4447-8B44-CE0EF0D098C4}.Release|Any CPU.Build.0 = Release|Any CPU
		{95D70ED8-2861-46EF-A53B-72A91D49CFF6}.Debug|Any CPU.ActiveCfg = Debug|Any CPU
		{95D70ED8-2861-46EF-A53B-72A91D49CFF6}.Debug|Any CPU.Build.0 = Debug|Any CPU
		{95D70ED8-2861-46EF-A53B-72A91D49CFF6}.Release|Any CPU.ActiveCfg = Release|Any CPU
		{95D70ED8-2861-46EF-A53B-72A91D49CFF6}.Release|Any CPU.Build.0 = Release|Any CPU
	EndGlobalSection
	GlobalSection(SolutionProperties) = preSolution
		HideSolutionNode = FALSE
	EndGlobalSection
	GlobalSection(NestedProjects) = preSolution
		{16C0AA1D-6B8D-4113-AAC9-AA5BF643C1DF} = {592EB04A-4187-4EDE-84FE-B254264D4FAF}
		{EF5D3EB4-650F-4EF1-8E0A-AB8E9300AEC9} = {592EB04A-4187-4EDE-84FE-B254264D4FAF}
		{80EF39EF-D2AB-4927-8E80-EE3E5FC21590} = {5CCDC98A-FEE4-4770-BAF0-4D8F19E7164F}
		{91FC9307-91FE-40DA-B6B9-EAB640BD4763} = {5CCDC98A-FEE4-4770-BAF0-4D8F19E7164F}
		{2867B69A-A5DE-4AB3-BE5B-BC06FB1EB065} = {CE2D4126-70ED-4F2E-A867-997962138B10}
		{D72AF6EB-7815-4550-9A26-A60E2006FE7F} = {592EB04A-4187-4EDE-84FE-B254264D4FAF}
		{670FC839-DD36-42B8-9706-667889762E67} = {9D23F015-5FE9-4D98-944E-9D3B48596E03}
		{B964AEAB-243D-4850-9851-D0C635B78FF6} = {5CCDC98A-FEE4-4770-BAF0-4D8F19E7164F}
		{C4CE309B-DC31-4447-8B44-CE0EF0D098C4} = {592EB04A-4187-4EDE-84FE-B254264D4FAF}
		{95D70ED8-2861-46EF-A53B-72A91D49CFF6} = {5CCDC98A-FEE4-4770-BAF0-4D8F19E7164F}
	EndGlobalSection
	GlobalSection(ExtensibilityGlobals) = postSolution
		SolutionGuid = {3281992F-A7C0-4C53-84AD-B18626969862}
	EndGlobalSection
EndGlobal
